
Microsoft Visual Studio Solution File, Format Version 12.00
# Visual Studio Version 17
VisualStudioVersion = 17.8.34322.80
MinimumVisualStudioVersion = 10.0.40219.1
Project("{9A19103F-16F7-4668-BE54-9A1E7A4F7556}") = "TinyURL", "TinyURL\TinyURL.csproj", "{D3699C51-D07A-4260-BBCE-11769D8F6D3F}"
EndProject
Project("{2150E333-8FDC-42A3-9474-1A3956D46DE8}") = "Solution Items", "Solution Items", "{111C0949-7CE2-4D63-8510-5C3C6B24202D}"
	ProjectSection(SolutionItems) = preProject
		.editorconfig = .editorconfig
	EndProjectSection
EndProject
Global
	GlobalSection(SolutionConfigurationPlatforms) = preSolution
		Debug|Any CPU = Debug|Any CPU
		Release|Any CPU = Release|Any CPU
	EndGlobalSection
	GlobalSection(ProjectConfigurationPlatforms) = postSolution
		{D3699C51-D07A-4260-BBCE-11769D8F6D3F}.Debug|Any CPU.ActiveCfg = Debug|Any CPU
		{D3699C51-D07A-4260-BBCE-11769D8F6D3F}.Debug|Any CPU.Build.0 = Debug|Any CPU
		{D3699C51-D07A-4260-BBCE-11769D8F6D3F}.Release|Any CPU.ActiveCfg = Release|Any CPU
		{D3699C51-D07A-4260-BBCE-11769D8F6D3F}.Release|Any CPU.Build.0 = Release|Any CPU
	EndGlobalSection
	GlobalSection(SolutionProperties) = preSolution
		HideSolutionNode = FALSE
	EndGlobalSection
	GlobalSection(ExtensibilityGlobals) = postSolution
		SolutionGuid = {72096119-9712-46D1-B247-8877583BAF90}
	EndGlobalSection
EndGlobal
